
Microsoft Visual Studio Solution File, Format Version 12.00
# Visual Studio 2013
VisualStudioVersion = 12.0.40629.0
MinimumVisualStudioVersion = 10.0.40219.1
Project("{2150E333-8FDC-42A3-9474-1A3956D46DE8}") = "BackEnd", "BackEnd", "{DC3AF169-255B-4D05-91DA-7F4D8573690C}"
EndProject
Project("{FAE04EC0-301F-11D3-BF4B-00C04F79EFBC}") = "DTO", "DTO\DTO.csproj", "{8CE68101-1BB8-4251-BCB3-8B91D9402DE1}"
EndProject
Project("{2150E333-8FDC-42A3-9474-1A3956D46DE8}") = "EntitySqlServer", "EntitySqlServer", "{74AEEB5F-EABB-476C-AFF3-BD47D02C2CAD}"
EndProject
Project("{FAE04EC0-301F-11D3-BF4B-00C04F79EFBC}") = "MASTER", "MASTER\MASTER.csproj", "{F7B558C8-7E89-4FD3-82D8-B2223654D170}"
EndProject
Project("{2150E333-8FDC-42A3-9474-1A3956D46DE8}") = "DataProvider", "DataProvider", "{4EFEA6D6-1414-4E25-9077-5FAD599AE67A}"
EndProject
Project("{FAE04EC0-301F-11D3-BF4B-00C04F79EFBC}") = "Contrato", "Contrato\Contrato.csproj", "{CD3DD428-47FD-4D52-B6BB-9C73A07B228A}"
EndProject
Project("{FAE04EC0-301F-11D3-BF4B-00C04F79EFBC}") = "ImpContrato", "ImpContrato\ImpContrato.csproj", "{528B3970-BCD1-4F81-97D3-4EC25C71E08F}"
EndProject
Project("{FAE04EC0-301F-11D3-BF4B-00C04F79EFBC}") = "ConsoleTest", "ConsoleTest\ConsoleTest.csproj", "{CEBE363C-DC82-48CC-A376-7D88BF624E5A}"
EndProject
Project("{FAE04EC0-301F-11D3-BF4B-00C04F79EFBC}") = "PROFIT", "PROFIT\PROFIT.csproj", "{DB8205F0-FB8C-48D9-A3CC-ADE1E11E7145}"
EndProject
Project("{2150E333-8FDC-42A3-9474-1A3956D46DE8}") = "FrontEnd", "FrontEnd", "{2FDA5B38-CC68-4BE9-9A9A-BDD37DEA81C6}"
EndProject
Project("{FAE04EC0-301F-11D3-BF4B-00C04F79EFBC}") = "App", "App\App.csproj", "{00627BEA-9565-4D81-B3A1-F02FB0AD7804}"
EndProject
Project("{2150E333-8FDC-42A3-9474-1A3956D46DE8}") = "ServiceProvider", "ServiceProvider", "{05782A01-AC3E-4F95-B329-B5253DBE4704}"
EndProject
Project("{FAE04EC0-301F-11D3-BF4B-00C04F79EFBC}") = "Service", "Service\Service.csproj", "{83254E13-DC1A-4DF1-AFB4-01BAC1C09E34}"
EndProject
Project("{FAE04EC0-301F-11D3-BF4B-00C04F79EFBC}") = "REAL", "REAL\REAL.csproj", "{8D25EF2D-928C-4DE1-A91C-DE3151EB8825}"
EndProject
Global
	GlobalSection(SolutionConfigurationPlatforms) = preSolution
		Debug|Any CPU = Debug|Any CPU
		Release|Any CPU = Release|Any CPU
	EndGlobalSection
	GlobalSection(ProjectConfigurationPlatforms) = postSolution
		{8CE68101-1BB8-4251-BCB3-8B91D9402DE1}.Debug|Any CPU.ActiveCfg = Debug|Any CPU
		{8CE68101-1BB8-4251-BCB3-8B91D9402DE1}.Debug|Any CPU.Build.0 = Debug|Any CPU
		{8CE68101-1BB8-4251-BCB3-8B91D9402DE1}.Release|Any CPU.ActiveCfg = Release|Any CPU
		{8CE68101-1BB8-4251-BCB3-8B91D9402DE1}.Release|Any CPU.Build.0 = Release|Any CPU
		{F7B558C8-7E89-4FD3-82D8-B2223654D170}.Debug|Any CPU.ActiveCfg = Debug|Any CPU
		{F7B558C8-7E89-4FD3-82D8-B2223654D170}.Debug|Any CPU.Build.0 = Debug|Any CPU
		{F7B558C8-7E89-4FD3-82D8-B2223654D170}.Release|Any CPU.ActiveCfg = Release|Any CPU
		{F7B558C8-7E89-4FD3-82D8-B2223654D170}.Release|Any CPU.Build.0 = Release|Any CPU
		{CD3DD428-47FD-4D52-B6BB-9C73A07B228A}.Debug|Any CPU.ActiveCfg = Debug|Any CPU
		{CD3DD428-47FD-4D52-B6BB-9C73A07B228A}.Debug|Any CPU.Build.0 = Debug|Any CPU
		{CD3DD428-47FD-4D52-B6BB-9C73A07B228A}.Release|Any CPU.ActiveCfg = Release|Any CPU
		{CD3DD428-47FD-4D52-B6BB-9C73A07B228A}.Release|Any CPU.Build.0 = Release|Any CPU
		{528B3970-BCD1-4F81-97D3-4EC25C71E08F}.Debug|Any CPU.ActiveCfg = Debug|Any CPU
		{528B3970-BCD1-4F81-97D3-4EC25C71E08F}.Debug|Any CPU.Build.0 = Debug|Any CPU
		{528B3970-BCD1-4F81-97D3-4EC25C71E08F}.Release|Any CPU.ActiveCfg = Release|Any CPU
		{528B3970-BCD1-4F81-97D3-4EC25C71E08F}.Release|Any CPU.Build.0 = Release|Any CPU
		{CEBE363C-DC82-48CC-A376-7D88BF624E5A}.Debug|Any CPU.ActiveCfg = Debug|Any CPU
		{CEBE363C-DC82-48CC-A376-7D88BF624E5A}.Debug|Any CPU.Build.0 = Debug|Any CPU
		{CEBE363C-DC82-48CC-A376-7D88BF624E5A}.Release|Any CPU.ActiveCfg = Release|Any CPU
		{CEBE363C-DC82-48CC-A376-7D88BF624E5A}.Release|Any CPU.Build.0 = Release|Any CPU
		{DB8205F0-FB8C-48D9-A3CC-ADE1E11E7145}.Debug|Any CPU.ActiveCfg = Debug|Any CPU
		{DB8205F0-FB8C-48D9-A3CC-ADE1E11E7145}.Debug|Any CPU.Build.0 = Debug|Any CPU
		{DB8205F0-FB8C-48D9-A3CC-ADE1E11E7145}.Release|Any CPU.ActiveCfg = Release|Any CPU
		{DB8205F0-FB8C-48D9-A3CC-ADE1E11E7145}.Release|Any CPU.Build.0 = Release|Any CPU
		{00627BEA-9565-4D81-B3A1-F02FB0AD7804}.Debug|Any CPU.ActiveCfg = Debug|Any CPU
		{00627BEA-9565-4D81-B3A1-F02FB0AD7804}.Debug|Any CPU.Build.0 = Debug|Any CPU
		{00627BEA-9565-4D81-B3A1-F02FB0AD7804}.Release|Any CPU.ActiveCfg = Release|Any CPU
		{00627BEA-9565-4D81-B3A1-F02FB0AD7804}.Release|Any CPU.Build.0 = Release|Any CPU
		{83254E13-DC1A-4DF1-AFB4-01BAC1C09E34}.Debug|Any CPU.ActiveCfg = Debug|Any CPU
		{83254E13-DC1A-4DF1-AFB4-01BAC1C09E34}.Debug|Any CPU.Build.0 = Debug|Any CPU
		{83254E13-DC1A-4DF1-AFB4-01BAC1C09E34}.Release|Any CPU.ActiveCfg = Release|Any CPU
		{83254E13-DC1A-4DF1-AFB4-01BAC1C09E34}.Release|Any CPU.Build.0 = Release|Any CPU
		{8D25EF2D-928C-4DE1-A91C-DE3151EB8825}.Debug|Any CPU.ActiveCfg = Debug|Any CPU
		{8D25EF2D-928C-4DE1-A91C-DE3151EB8825}.Debug|Any CPU.Build.0 = Debug|Any CPU
		{8D25EF2D-928C-4DE1-A91C-DE3151EB8825}.Release|Any CPU.ActiveCfg = Release|Any CPU
		{8D25EF2D-928C-4DE1-A91C-DE3151EB8825}.Release|Any CPU.Build.0 = Release|Any CPU
	EndGlobalSection
	GlobalSection(SolutionProperties) = preSolution
		HideSolutionNode = FALSE
	EndGlobalSection
	GlobalSection(NestedProjects) = preSolution
		{8CE68101-1BB8-4251-BCB3-8B91D9402DE1} = {DC3AF169-255B-4D05-91DA-7F4D8573690C}
		{74AEEB5F-EABB-476C-AFF3-BD47D02C2CAD} = {DC3AF169-255B-4D05-91DA-7F4D8573690C}
		{F7B558C8-7E89-4FD3-82D8-B2223654D170} = {74AEEB5F-EABB-476C-AFF3-BD47D02C2CAD}
		{4EFEA6D6-1414-4E25-9077-5FAD599AE67A} = {DC3AF169-255B-4D05-91DA-7F4D8573690C}
		{CD3DD428-47FD-4D52-B6BB-9C73A07B228A} = {4EFEA6D6-1414-4E25-9077-5FAD599AE67A}
		{528B3970-BCD1-4F81-97D3-4EC25C71E08F} = {4EFEA6D6-1414-4E25-9077-5FAD599AE67A}
		{CEBE363C-DC82-48CC-A376-7D88BF624E5A} = {DC3AF169-255B-4D05-91DA-7F4D8573690C}
		{DB8205F0-FB8C-48D9-A3CC-ADE1E11E7145} = {74AEEB5F-EABB-476C-AFF3-BD47D02C2CAD}
		{00627BEA-9565-4D81-B3A1-F02FB0AD7804} = {2FDA5B38-CC68-4BE9-9A9A-BDD37DEA81C6}
		{05782A01-AC3E-4F95-B329-B5253DBE4704} = {DC3AF169-255B-4D05-91DA-7F4D8573690C}
		{83254E13-DC1A-4DF1-AFB4-01BAC1C09E34} = {05782A01-AC3E-4F95-B329-B5253DBE4704}
		{8D25EF2D-928C-4DE1-A91C-DE3151EB8825} = {74AEEB5F-EABB-476C-AFF3-BD47D02C2CAD}
	EndGlobalSection
EndGlobal
